
Microsoft Visual Studio Solution File, Format Version 12.00
# Visual Studio 15
VisualStudioVersion = 15.0.27130.2036
MinimumVisualStudioVersion = 10.0.40219.1
Project("{FAE04EC0-301F-11D3-BF4B-00C04F79EFBC}") = "StringAverage", "StringAverage\StringAverage.csproj", "{3B960AD6-53B0-4202-8E70-6C48089080CE}"
EndProject
Project("{FAE04EC0-301F-11D3-BF4B-00C04F79EFBC}") = "StringAverageTests", "StringAverageTests\StringAverageTests.csproj", "{8F99E926-ED0F-4AC6-B21E-7A3152FAC4B9}"
EndProject
Global
	GlobalSection(SolutionConfigurationPlatforms) = preSolution
		Debug|Any CPU = Debug|Any CPU
		Release|Any CPU = Release|Any CPU
	EndGlobalSection
	GlobalSection(ProjectConfigurationPlatforms) = postSolution
		{3B960AD6-53B0-4202-8E70-6C48089080CE}.Debug|Any CPU.ActiveCfg = Debug|Any CPU
		{3B960AD6-53B0-4202-8E70-6C48089080CE}.Debug|Any CPU.Build.0 = Debug|Any CPU
		{3B960AD6-53B0-4202-8E70-6C48089080CE}.Release|Any CPU.ActiveCfg = Release|Any CPU
		{3B960AD6-53B0-4202-8E70-6C48089080CE}.Release|Any CPU.Build.0 = Release|Any CPU
		{8F99E926-ED0F-4AC6-B21E-7A3152FAC4B9}.Debug|Any CPU.ActiveCfg = Debug|Any CPU
		{8F99E926-ED0F-4AC6-B21E-7A3152FAC4B9}.Debug|Any CPU.Build.0 = Debug|Any CPU
		{8F99E926-ED0F-4AC6-B21E-7A3152FAC4B9}.Release|Any CPU.ActiveCfg = Release|Any CPU
		{8F99E926-ED0F-4AC6-B21E-7A3152FAC4B9}.Release|Any CPU.Build.0 = Release|Any CPU
	EndGlobalSection
	GlobalSection(SolutionProperties) = preSolution
		HideSolutionNode = FALSE
	EndGlobalSection
	GlobalSection(ExtensibilityGlobals) = postSolution
		SolutionGuid = {3302D945-4FE6-431E-84B3-6E32029BA568}
	EndGlobalSection
EndGlobal
