
Microsoft Visual Studio Solution File, Format Version 12.00
# Visual Studio 15
VisualStudioVersion = 15.0.27130.2036
MinimumVisualStudioVersion = 10.0.40219.1
Project("{FAE04EC0-301F-11D3-BF4B-00C04F79EFBC}") = "CountingChangeCombinations", "CountingChangeCombinations\CountingChangeCombinations.csproj", "{DB30DEF3-E7E5-46E6-A6E1-B7B95DCBDE34}"
EndProject
Project("{FAE04EC0-301F-11D3-BF4B-00C04F79EFBC}") = "CountingChangeCombinationsTests", "CountingChangeCombinationsTests\CountingChangeCombinationsTests.csproj", "{0BC4C50E-4C44-4040-9A76-9D468B26389B}"
EndProject
Global
	GlobalSection(SolutionConfigurationPlatforms) = preSolution
		Debug|Any CPU = Debug|Any CPU
		Release|Any CPU = Release|Any CPU
	EndGlobalSection
	GlobalSection(ProjectConfigurationPlatforms) = postSolution
		{DB30DEF3-E7E5-46E6-A6E1-B7B95DCBDE34}.Debug|Any CPU.ActiveCfg = Debug|Any CPU
		{DB30DEF3-E7E5-46E6-A6E1-B7B95DCBDE34}.Debug|Any CPU.Build.0 = Debug|Any CPU
		{DB30DEF3-E7E5-46E6-A6E1-B7B95DCBDE34}.Release|Any CPU.ActiveCfg = Release|Any CPU
		{DB30DEF3-E7E5-46E6-A6E1-B7B95DCBDE34}.Release|Any CPU.Build.0 = Release|Any CPU
		{0BC4C50E-4C44-4040-9A76-9D468B26389B}.Debug|Any CPU.ActiveCfg = Debug|Any CPU
		{0BC4C50E-4C44-4040-9A76-9D468B26389B}.Debug|Any CPU.Build.0 = Debug|Any CPU
		{0BC4C50E-4C44-4040-9A76-9D468B26389B}.Release|Any CPU.ActiveCfg = Release|Any CPU
		{0BC4C50E-4C44-4040-9A76-9D468B26389B}.Release|Any CPU.Build.0 = Release|Any CPU
	EndGlobalSection
	GlobalSection(SolutionProperties) = preSolution
		HideSolutionNode = FALSE
	EndGlobalSection
	GlobalSection(ExtensibilityGlobals) = postSolution
		SolutionGuid = {A100E5A3-2E05-43E2-94D2-8A607E7FE5B5}
	EndGlobalSection
EndGlobal
