
Microsoft Visual Studio Solution File, Format Version 12.00
# Visual Studio 15
VisualStudioVersion = 15.0.27130.2036
MinimumVisualStudioVersion = 10.0.40219.1
Project("{FAE04EC0-301F-11D3-BF4B-00C04F79EFBC}") = "AnagramDetection", "AnagramDetection\AnagramDetection.csproj", "{8FD7DB02-63DF-4255-8631-D7EA5A7BDE34}"
EndProject
Project("{FAE04EC0-301F-11D3-BF4B-00C04F79EFBC}") = "AnagramDetectionTests", "AnagramDetectionTests\AnagramDetectionTests.csproj", "{B3826CCA-00B6-4A0C-AD17-31992D306872}"
EndProject
Global
	GlobalSection(SolutionConfigurationPlatforms) = preSolution
		Debug|Any CPU = Debug|Any CPU
		Release|Any CPU = Release|Any CPU
	EndGlobalSection
	GlobalSection(ProjectConfigurationPlatforms) = postSolution
		{8FD7DB02-63DF-4255-8631-D7EA5A7BDE34}.Debug|Any CPU.ActiveCfg = Debug|Any CPU
		{8FD7DB02-63DF-4255-8631-D7EA5A7BDE34}.Debug|Any CPU.Build.0 = Debug|Any CPU
		{8FD7DB02-63DF-4255-8631-D7EA5A7BDE34}.Release|Any CPU.ActiveCfg = Release|Any CPU
		{8FD7DB02-63DF-4255-8631-D7EA5A7BDE34}.Release|Any CPU.Build.0 = Release|Any CPU
		{B3826CCA-00B6-4A0C-AD17-31992D306872}.Debug|Any CPU.ActiveCfg = Debug|Any CPU
		{B3826CCA-00B6-4A0C-AD17-31992D306872}.Debug|Any CPU.Build.0 = Debug|Any CPU
		{B3826CCA-00B6-4A0C-AD17-31992D306872}.Release|Any CPU.ActiveCfg = Release|Any CPU
		{B3826CCA-00B6-4A0C-AD17-31992D306872}.Release|Any CPU.Build.0 = Release|Any CPU
	EndGlobalSection
	GlobalSection(SolutionProperties) = preSolution
		HideSolutionNode = FALSE
	EndGlobalSection
	GlobalSection(ExtensibilityGlobals) = postSolution
		SolutionGuid = {22A35AF7-04A5-4FED-AC9A-0111CAC1A334}
	EndGlobalSection
EndGlobal
