
Microsoft Visual Studio Solution File, Format Version 12.00
# Visual Studio 15
VisualStudioVersion = 15.0.27130.2036
MinimumVisualStudioVersion = 10.0.40219.1
Project("{FAE04EC0-301F-11D3-BF4B-00C04F79EFBC}") = "ROT13", "ROT13\ROT13.csproj", "{3341FD48-8D8F-4690-A382-BC35EB087ECC}"
EndProject
Project("{FAE04EC0-301F-11D3-BF4B-00C04F79EFBC}") = "ROT13Tests", "ROT13Tests\ROT13Tests.csproj", "{633E7D1B-66CD-4356-95D3-C5600AE81DE3}"
EndProject
Global
	GlobalSection(SolutionConfigurationPlatforms) = preSolution
		Debug|Any CPU = Debug|Any CPU
		Release|Any CPU = Release|Any CPU
	EndGlobalSection
	GlobalSection(ProjectConfigurationPlatforms) = postSolution
		{3341FD48-8D8F-4690-A382-BC35EB087ECC}.Debug|Any CPU.ActiveCfg = Debug|Any CPU
		{3341FD48-8D8F-4690-A382-BC35EB087ECC}.Debug|Any CPU.Build.0 = Debug|Any CPU
		{3341FD48-8D8F-4690-A382-BC35EB087ECC}.Release|Any CPU.ActiveCfg = Release|Any CPU
		{3341FD48-8D8F-4690-A382-BC35EB087ECC}.Release|Any CPU.Build.0 = Release|Any CPU
		{633E7D1B-66CD-4356-95D3-C5600AE81DE3}.Debug|Any CPU.ActiveCfg = Debug|Any CPU
		{633E7D1B-66CD-4356-95D3-C5600AE81DE3}.Debug|Any CPU.Build.0 = Debug|Any CPU
		{633E7D1B-66CD-4356-95D3-C5600AE81DE3}.Release|Any CPU.ActiveCfg = Release|Any CPU
		{633E7D1B-66CD-4356-95D3-C5600AE81DE3}.Release|Any CPU.Build.0 = Release|Any CPU
	EndGlobalSection
	GlobalSection(SolutionProperties) = preSolution
		HideSolutionNode = FALSE
	EndGlobalSection
	GlobalSection(ExtensibilityGlobals) = postSolution
		SolutionGuid = {BBDBA113-11DE-4A18-9FEA-55564B498250}
	EndGlobalSection
EndGlobal
